// !$*UTF8*$!
{
	archiveVersion = 1;
	classes = {
	};
	objectVersion = 55;
	objects = {

/* Begin PBXBuildFile section */
		56864E6527EE134A00DB2A23 /* AP_Create_TaskApp.swift in Sources */ = {isa = PBXBuildFile; fileRef = 56864E5527EE134800DB2A23 /* AP_Create_TaskApp.swift */; };
		56864E6627EE134A00DB2A23 /* AP_Create_TaskApp.swift in Sources */ = {isa = PBXBuildFile; fileRef = 56864E5527EE134800DB2A23 /* AP_Create_TaskApp.swift */; };
		56864E6927EE134A00DB2A23 /* Assets.xcassets in Resources */ = {isa = PBXBuildFile; fileRef = 56864E5727EE134A00DB2A23 /* Assets.xcassets */; };
		56864E6A27EE134A00DB2A23 /* Assets.xcassets in Resources */ = {isa = PBXBuildFile; fileRef = 56864E5727EE134A00DB2A23 /* Assets.xcassets */; };
		568C910927F291C9000C6E48 /* InformationList.swift in Sources */ = {isa = PBXBuildFile; fileRef = 568C910827F291C9000C6E48 /* InformationList.swift */; };
		569CF62527F5DA5400EE25A2 /* grovetimes.json in Resources */ = {isa = PBXBuildFile; fileRef = 569CF62427F5DA5400EE25A2 /* grovetimes.json */; };
		56D9EA0227EF57EE0052D204 /* Information.swift in Sources */ = {isa = PBXBuildFile; fileRef = 56D9EA0127EF57EE0052D204 /* Information.swift */; };
		56D9EA0A27EF5EEE0052D204 /* InformationStore.swift in Sources */ = {isa = PBXBuildFile; fileRef = 56D9EA0927EF5EEE0052D204 /* InformationStore.swift */; };
		56E57C3127F234CC00241567 /* InformationDetail.swift in Sources */ = {isa = PBXBuildFile; fileRef = 56E57C3027F234CB00241567 /* InformationDetail.swift */; };
/* End PBXBuildFile section */

/* Begin PBXFileReference section */
		56864E5527EE134800DB2A23 /* AP_Create_TaskApp.swift */ = {isa = PBXFileReference; lastKnownFileType = sourcecode.swift; path = AP_Create_TaskApp.swift; sourceTree = "<group>"; };
		56864E5727EE134A00DB2A23 /* Assets.xcassets */ = {isa = PBXFileReference; lastKnownFileType = folder.assetcatalog; path = Assets.xcassets; sourceTree = "<group>"; };
		56864E5C27EE134A00DB2A23 /* AP Create Task.app */ = {isa = PBXFileReference; explicitFileType = wrapper.application; includeInIndex = 0; path = "AP Create Task.app"; sourceTree = BUILT_PRODUCTS_DIR; };
		56864E6227EE134A00DB2A23 /* AP Create Task.app */ = {isa = PBXFileReference; explicitFileType = wrapper.application; includeInIndex = 0; path = "AP Create Task.app"; sourceTree = BUILT_PRODUCTS_DIR; };
		568C910827F291C9000C6E48 /* InformationList.swift */ = {isa = PBXFileReference; lastKnownFileType = sourcecode.swift; path = InformationList.swift; sourceTree = "<group>"; };
		569CF62427F5DA5400EE25A2 /* grovetimes.json */ = {isa = PBXFileReference; fileEncoding = 4; lastKnownFileType = text.json; path = grovetimes.json; sourceTree = "<group>"; };
		56D9EA0127EF57EE0052D204 /* Information.swift */ = {isa = PBXFileReference; lastKnownFileType = sourcecode.swift; path = Information.swift; sourceTree = "<group>"; };
		56D9EA0927EF5EEE0052D204 /* InformationStore.swift */ = {isa = PBXFileReference; lastKnownFileType = sourcecode.swift; path = InformationStore.swift; sourceTree = "<group>"; };
		56E57C3027F234CB00241567 /* InformationDetail.swift */ = {isa = PBXFileReference; lastKnownFileType = sourcecode.swift; path = InformationDetail.swift; sourceTree = "<group>"; };
/* End PBXFileReference section */

/* Begin PBXFrameworksBuildPhase section */
		56864E5927EE134A00DB2A23 /* Frameworks */ = {
			isa = PBXFrameworksBuildPhase;
			buildActionMask = 2147483647;
			files = (
			);
			runOnlyForDeploymentPostprocessing = 0;
		};
		56864E5F27EE134A00DB2A23 /* Frameworks */ = {
			isa = PBXFrameworksBuildPhase;
			buildActionMask = 2147483647;
			files = (
			);
			runOnlyForDeploymentPostprocessing = 0;
		};
/* End PBXFrameworksBuildPhase section */

/* Begin PBXGroup section */
		56864E4F27EE134700DB2A23 = {
			isa = PBXGroup;
			children = (
				56864E5427EE134800DB2A23 /* Shared */,
				56864E7327EE1B3A00DB2A23 /* Model */,
				56864E7427EE1B4F00DB2A23 /* ViewModel */,
				56864E7527EE1B8700DB2A23 /* Views */,
				56864E5D27EE134A00DB2A23 /* Products */,
			);
			sourceTree = "<group>";
		};
		56864E5427EE134800DB2A23 /* Shared */ = {
			isa = PBXGroup;
			children = (
				56864E5527EE134800DB2A23 /* AP_Create_TaskApp.swift */,
				56864E5727EE134A00DB2A23 /* Assets.xcassets */,
			);
			path = Shared;
			sourceTree = "<group>";
		};
		56864E5D27EE134A00DB2A23 /* Products */ = {
			isa = PBXGroup;
			children = (
				56864E5C27EE134A00DB2A23 /* AP Create Task.app */,
				56864E6227EE134A00DB2A23 /* AP Create Task.app */,
			);
			name = Products;
			sourceTree = "<group>";
		};
		56864E7327EE1B3A00DB2A23 /* Model */ = {
			isa = PBXGroup;
			children = (
				56D9EA0927EF5EEE0052D204 /* InformationStore.swift */,
				56D9EA0127EF57EE0052D204 /* Information.swift */,
				569CF62427F5DA5400EE25A2 /* grovetimes.json */,
			);
			path = Model;
			sourceTree = "<group>";
		};
		56864E7427EE1B4F00DB2A23 /* ViewModel */ = {
			isa = PBXGroup;
			children = (
			);
			path = ViewModel;
			sourceTree = "<group>";
		};
		56864E7527EE1B8700DB2A23 /* Views */ = {
			isa = PBXGroup;
			children = (
				56E57C3027F234CB00241567 /* InformationDetail.swift */,
				568C910827F291C9000C6E48 /* InformationList.swift */,
			);
			path = Views;
			sourceTree = "<group>";
		};
/* End PBXGroup section */

/* Begin PBXNativeTarget section */
		56864E5B27EE134A00DB2A23 /* AP Create Task (iOS) */ = {
			isa = PBXNativeTarget;
			buildConfigurationList = 56864E6D27EE134A00DB2A23 /* Build configuration list for PBXNativeTarget "AP Create Task (iOS)" */;
			buildPhases = (
				56864E5827EE134A00DB2A23 /* Sources */,
				56864E5927EE134A00DB2A23 /* Frameworks */,
				56864E5A27EE134A00DB2A23 /* Resources */,
			);
			buildRules = (
			);
			dependencies = (
			);
			name = "AP Create Task (iOS)";
			productName = "AP Create Task (iOS)";
			productReference = 56864E5C27EE134A00DB2A23 /* AP Create Task.app */;
			productType = "com.apple.product-type.application";
		};
		56864E6127EE134A00DB2A23 /* AP Create Task (macOS) */ = {
			isa = PBXNativeTarget;
			buildConfigurationList = 56864E7027EE134A00DB2A23 /* Build configuration list for PBXNativeTarget "AP Create Task (macOS)" */;
			buildPhases = (
				56864E5E27EE134A00DB2A23 /* Sources */,
				56864E5F27EE134A00DB2A23 /* Frameworks */,
				56864E6027EE134A00DB2A23 /* Resources */,
			);
			buildRules = (
			);
			dependencies = (
			);
			name = "AP Create Task (macOS)";
			productName = "AP Create Task (macOS)";
			productReference = 56864E6227EE134A00DB2A23 /* AP Create Task.app */;
			productType = "com.apple.product-type.application";
		};
/* End PBXNativeTarget section */

/* Begin PBXProject section */
		56864E5027EE134700DB2A23 /* Project object */ = {
			isa = PBXProject;
			attributes = {
				BuildIndependentTargetsInParallel = 1;
				LastSwiftUpdateCheck = 1320;
				LastUpgradeCheck = 1320;
				TargetAttributes = {
					56864E5B27EE134A00DB2A23 = {
						CreatedOnToolsVersion = 13.2.1;
					};
					56864E6127EE134A00DB2A23 = {
						CreatedOnToolsVersion = 13.2.1;
					};
				};
			};
			buildConfigurationList = 56864E5327EE134700DB2A23 /* Build configuration list for PBXProject "AP Create Task" */;
			compatibilityVersion = "Xcode 13.0";
			developmentRegion = en;
			hasScannedForEncodings = 0;
			knownRegions = (
				en,
				Base,
			);
			mainGroup = 56864E4F27EE134700DB2A23;
			productRefGroup = 56864E5D27EE134A00DB2A23 /* Products */;
			projectDirPath = "";
			projectRoot = "";
			targets = (
				56864E5B27EE134A00DB2A23 /* AP Create Task (iOS) */,
				56864E6127EE134A00DB2A23 /* AP Create Task (macOS) */,
			);
		};
/* End PBXProject section */

/* Begin PBXResourcesBuildPhase section */
		56864E5A27EE134A00DB2A23 /* Resources */ = {
			isa = PBXResourcesBuildPhase;
			buildActionMask = 2147483647;
			files = (
				569CF62527F5DA5400EE25A2 /* grovetimes.json in Resources */,
				56864E6927EE134A00DB2A23 /* Assets.xcassets in Resources */,
			);
			runOnlyForDeploymentPostprocessing = 0;
		};
		56864E6027EE134A00DB2A23 /* Resources */ = {
			isa = PBXResourcesBuildPhase;
			buildActionMask = 2147483647;
			files = (
				56864E6A27EE134A00DB2A23 /* Assets.xcassets in Resources */,
			);
			runOnlyForDeploymentPostprocessing = 0;
		};
/* End PBXResourcesBuildPhase section */

/* Begin PBXSourcesBuildPhase section */
		56864E5827EE134A00DB2A23 /* Sources */ = {
			isa = PBXSourcesBuildPhase;
			buildActionMask = 2147483647;
			files = (
				56D9EA0A27EF5EEE0052D204 /* InformationStore.swift in Sources */,
				56D9EA0227EF57EE0052D204 /* Information.swift in Sources */,
				56E57C3127F234CC00241567 /* InformationDetail.swift in Sources */,
				56864E6527EE134A00DB2A23 /* AP_Create_TaskApp.swift in Sources */,
				568C910927F291C9000C6E48 /* InformationList.swift in Sources */,
			);
			runOnlyForDeploymentPostprocessing = 0;
		};
		56864E5E27EE134A00DB2A23 /* Sources */ = {
			isa = PBXSourcesBuildPhase;
			buildActionMask = 2147483647;
			files = (
				56864E6627EE134A00DB2A23 /* AP_Create_TaskApp.swift in Sources */,
			);
			runOnlyForDeploymentPostprocessing = 0;
		};
/* End PBXSourcesBuildPhase section */

/* Begin XCBuildConfiguration section */
		56864E6B27EE134A00DB2A23 /* Debug */ = {
			isa = XCBuildConfiguration;
			buildSettings = {
				ALWAYS_SEARCH_USER_PATHS = NO;
				CLANG_ANALYZER_NONNULL = YES;
				CLANG_ANALYZER_NUMBER_OBJECT_CONVERSION = YES_AGGRESSIVE;
				CLANG_CXX_LANGUAGE_STANDARD = "gnu++17";
				CLANG_CXX_LIBRARY = "libc++";
				CLANG_ENABLE_MODULES = YES;
				CLANG_ENABLE_OBJC_ARC = YES;
				CLANG_ENABLE_OBJC_WEAK = YES;
				CLANG_WARN_BLOCK_CAPTURE_AUTORELEASING = YES;
				CLANG_WARN_BOOL_CONVERSION = YES;
				CLANG_WARN_COMMA = YES;
				CLANG_WARN_CONSTANT_CONVERSION = YES;
				CLANG_WARN_DEPRECATED_OBJC_IMPLEMENTATIONS = YES;
				CLANG_WARN_DIRECT_OBJC_ISA_USAGE = YES_ERROR;
				CLANG_WARN_DOCUMENTATION_COMMENTS = YES;
				CLANG_WARN_EMPTY_BODY = YES;
				CLANG_WARN_ENUM_CONVERSION = YES;
				CLANG_WARN_INFINITE_RECURSION = YES;
				CLANG_WARN_INT_CONVERSION = YES;
				CLANG_WARN_NON_LITERAL_NULL_CONVERSION = YES;
				CLANG_WARN_OBJC_IMPLICIT_RETAIN_SELF = YES;
				CLANG_WARN_OBJC_LITERAL_CONVERSION = YES;
				CLANG_WARN_OBJC_ROOT_CLASS = YES_ERROR;
				CLANG_WARN_QUOTED_INCLUDE_IN_FRAMEWORK_HEADER = YES;
				CLANG_WARN_RANGE_LOOP_ANALYSIS = YES;
				CLANG_WARN_STRICT_PROTOTYPES = YES;
				CLANG_WARN_SUSPICIOUS_MOVE = YES;
				CLANG_WARN_UNGUARDED_AVAILABILITY = YES_AGGRESSIVE;
				CLANG_WARN_UNREACHABLE_CODE = YES;
				CLANG_WARN__DUPLICATE_METHOD_MATCH = YES;
				COPY_PHASE_STRIP = NO;
				DEBUG_INFORMATION_FORMAT = dwarf;
				ENABLE_STRICT_OBJC_MSGSEND = YES;
				ENABLE_TESTABILITY = YES;
				GCC_C_LANGUAGE_STANDARD = gnu11;
				GCC_DYNAMIC_NO_PIC = NO;
				GCC_NO_COMMON_BLOCKS = YES;
				GCC_OPTIMIZATION_LEVEL = 0;
				GCC_PREPROCESSOR_DEFINITIONS = (
					"DEBUG=1",
					"$(inherited)",
				);
				GCC_WARN_64_TO_32_BIT_CONVERSION = YES;
				GCC_WARN_ABOUT_RETURN_TYPE = YES_ERROR;
				GCC_WARN_UNDECLARED_SELECTOR = YES;
				GCC_WARN_UNINITIALIZED_AUTOS = YES_AGGRESSIVE;
				GCC_WARN_UNUSED_FUNCTION = YES;
				GCC_WARN_UNUSED_VARIABLE = YES;
				MTL_ENABLE_DEBUG_INFO = INCLUDE_SOURCE;
				MTL_FAST_MATH = YES;
				ONLY_ACTIVE_ARCH = YES;
				SWIFT_ACTIVE_COMPILATION_CONDITIONS = DEBUG;
				SWIFT_OPTIMIZATION_LEVEL = "-Onone";
			};
			name = Debug;
		};
		56864E6C27EE134A00DB2A23 /* Release */ = {
			isa = XCBuildConfiguration;
			buildSettings = {
				ALWAYS_SEARCH_USER_PATHS = NO;
				CLANG_ANALYZER_NONNULL = YES;
				CLANG_ANALYZER_NUMBER_OBJECT_CONVERSION = YES_AGGRESSIVE;
				CLANG_CXX_LANGUAGE_STANDARD = "gnu++17";
				CLANG_CXX_LIBRARY = "libc++";
				CLANG_ENABLE_MODULES = YES;
				CLANG_ENABLE_OBJC_ARC = YES;
				CLANG_ENABLE_OBJC_WEAK = YES;
				CLANG_WARN_BLOCK_CAPTURE_AUTORELEASING = YES;
				CLANG_WARN_BOOL_CONVERSION = YES;
				CLANG_WARN_COMMA = YES;
				CLANG_WARN_CONSTANT_CONVERSION = YES;
				CLANG_WARN_DEPRECATED_OBJC_IMPLEMENTATIONS = YES;
				CLANG_WARN_DIRECT_OBJC_ISA_USAGE = YES_ERROR;
				CLANG_WARN_DOCUMENTATION_COMMENTS = YES;
				CLANG_WARN_EMPTY_BODY = YES;
				CLANG_WARN_ENUM_CONVERSION = YES;
				CLANG_WARN_INFINITE_RECURSION = YES;
				CLANG_WARN_INT_CONVERSION = YES;
				CLANG_WARN_NON_LITERAL_NULL_CONVERSION = YES;
				CLANG_WARN_OBJC_IMPLICIT_RETAIN_SELF = YES;
				CLANG_WARN_OBJC_LITERAL_CONVERSION = YES;
				CLANG_WARN_OBJC_ROOT_CLASS = YES_ERROR;
				CLANG_WARN_QUOTED_INCLUDE_IN_FRAMEWORK_HEADER = YES;
				CLANG_WARN_RANGE_LOOP_ANALYSIS = YES;
				CLANG_WARN_STRICT_PROTOTYPES = YES;
				CLANG_WARN_SUSPICIOUS_MOVE = YES;
				CLANG_WARN_UNGUARDED_AVAILABILITY = YES_AGGRESSIVE;
				CLANG_WARN_UNREACHABLE_CODE = YES;
				CLANG_WARN__DUPLICATE_METHOD_MATCH = YES;
				COPY_PHASE_STRIP = NO;
				DEBUG_INFORMATION_FORMAT = "dwarf-with-dsym";
				ENABLE_NS_ASSERTIONS = NO;
				ENABLE_STRICT_OBJC_MSGSEND = YES;
				GCC_C_LANGUAGE_STANDARD = gnu11;
				GCC_NO_COMMON_BLOCKS = YES;
				GCC_WARN_64_TO_32_BIT_CONVERSION = YES;
				GCC_WARN_ABOUT_RETURN_TYPE = YES_ERROR;
				GCC_WARN_UNDECLARED_SELECTOR = YES;
				GCC_WARN_UNINITIALIZED_AUTOS = YES_AGGRESSIVE;
				GCC_WARN_UNUSED_FUNCTION = YES;
				GCC_WARN_UNUSED_VARIABLE = YES;
				MTL_ENABLE_DEBUG_INFO = NO;
				MTL_FAST_MATH = YES;
				SWIFT_COMPILATION_MODE = wholemodule;
				SWIFT_OPTIMIZATION_LEVEL = "-O";
			};
			name = Release;
		};
		56864E6E27EE134A00DB2A23 /* Debug */ = {
			isa = XCBuildConfiguration;
			buildSettings = {
				ASSETCATALOG_COMPILER_APPICON_NAME = AppIcon;
				ASSETCATALOG_COMPILER_GLOBAL_ACCENT_COLOR_NAME = AccentColor;
				CODE_SIGN_STYLE = Automatic;
				CURRENT_PROJECT_VERSION = 1;
				DEVELOPMENT_TEAM = 4R6S38RB8Z;
				ENABLE_PREVIEWS = YES;
				GENERATE_INFOPLIST_FILE = YES;
				INFOPLIST_KEY_UIApplicationSceneManifest_Generation = YES;
				INFOPLIST_KEY_UIApplicationSupportsIndirectInputEvents = YES;
				INFOPLIST_KEY_UILaunchScreen_Generation = YES;
				INFOPLIST_KEY_UISupportedInterfaceOrientations_iPad = "UIInterfaceOrientationPortrait UIInterfaceOrientationPortraitUpsideDown UIInterfaceOrientationLandscapeLeft UIInterfaceOrientationLandscapeRight";
				INFOPLIST_KEY_UISupportedInterfaceOrientations_iPhone = "UIInterfaceOrientationPortrait UIInterfaceOrientationLandscapeLeft UIInterfaceOrientationLandscapeRight";
				IPHONEOS_DEPLOYMENT_TARGET = 15.2;
				LD_RUNPATH_SEARCH_PATHS = (
					"$(inherited)",
					"@executable_path/Frameworks",
				);
				MARKETING_VERSION = 1.0;
				PRODUCT_BUNDLE_IDENTIFIER = "ca.sofiaandrade.AP-Create-Task";
				PRODUCT_NAME = "AP Create Task";
				SDKROOT = iphoneos;
				SWIFT_EMIT_LOC_STRINGS = YES;
				SWIFT_VERSION = 5.0;
				TARGETED_DEVICE_FAMILY = "1,2";
			};
			name = Debug;
		};
		56864E6F27EE134A00DB2A23 /* Release */ = {
			isa = XCBuildConfiguration;
			buildSettings = {
				ASSETCATALOG_COMPILER_APPICON_NAME = AppIcon;
				ASSETCATALOG_COMPILER_GLOBAL_ACCENT_COLOR_NAME = AccentColor;
				CODE_SIGN_STYLE = Automatic;
				CURRENT_PROJECT_VERSION = 1;
				DEVELOPMENT_TEAM = 4R6S38RB8Z;
				ENABLE_PREVIEWS = YES;
				GENERATE_INFOPLIST_FILE = YES;
				INFOPLIST_KEY_UIApplicationSceneManifest_Generation = YES;
				INFOPLIST_KEY_UIApplicationSupportsIndirectInputEvents = YES;
				INFOPLIST_KEY_UILaunchScreen_Generation = YES;
				INFOPLIST_KEY_UISupportedInterfaceOrientations_iPad = "UIInterfaceOrientationPortrait UIInterfaceOrientationPortraitUpsideDown UIInterfaceOrientationLandscapeLeft UIInterfaceOrientationLandscapeRight";
				INFOPLIST_KEY_UISupportedInterfaceOrientations_iPhone = "UIInterfaceOrientationPortrait UIInterfaceOrientationLandscapeLeft UIInterfaceOrientationLandscapeRight";
				IPHONEOS_DEPLOYMENT_TARGET = 15.2;
				LD_RUNPATH_SEARCH_PATHS = (
					"$(inherited)",
					"@executable_path/Frameworks",
				);
				MARKETING_VERSION = 1.0;
				PRODUCT_BUNDLE_IDENTIFIER = "ca.sofiaandrade.AP-Create-Task";
				PRODUCT_NAME = "AP Create Task";
				SDKROOT = iphoneos;
				SWIFT_EMIT_LOC_STRINGS = YES;
				SWIFT_VERSION = 5.0;
				TARGETED_DEVICE_FAMILY = "1,2";
				VALIDATE_PRODUCT = YES;
			};
			name = Release;
		};
		56864E7127EE134A00DB2A23 /* Debug */ = {
			isa = XCBuildConfiguration;
			buildSettings = {
				ASSETCATALOG_COMPILER_APPICON_NAME = AppIcon;
				ASSETCATALOG_COMPILER_GLOBAL_ACCENT_COLOR_NAME = AccentColor;
				CODE_SIGN_ENTITLEMENTS = macOS/macOS.entitlements;
				CODE_SIGN_STYLE = Automatic;
				COMBINE_HIDPI_IMAGES = YES;
				CURRENT_PROJECT_VERSION = 1;
				DEVELOPMENT_TEAM = 4R6S38RB8Z;
				ENABLE_HARDENED_RUNTIME = YES;
				ENABLE_PREVIEWS = YES;
				GENERATE_INFOPLIST_FILE = YES;
				INFOPLIST_KEY_NSHumanReadableCopyright = "";
				LD_RUNPATH_SEARCH_PATHS = (
					"$(inherited)",
					"@executable_path/../Frameworks",
				);
				MACOSX_DEPLOYMENT_TARGET = 11.5;
				MARKETING_VERSION = 1.0;
				PRODUCT_BUNDLE_IDENTIFIER = "ca.sofiaandrade.AP-Create-Task";
				PRODUCT_NAME = "AP Create Task";
				SDKROOT = macosx;
				SWIFT_EMIT_LOC_STRINGS = YES;
				SWIFT_VERSION = 5.0;
			};
			name = Debug;
		};
		56864E7227EE134A00DB2A23 /* Release */ = {
			isa = XCBuildConfiguration;
			buildSettings = {
				ASSETCATALOG_COMPILER_APPICON_NAME = AppIcon;
				ASSETCATALOG_COMPILER_GLOBAL_ACCENT_COLOR_NAME = AccentColor;
				CODE_SIGN_ENTITLEMENTS = macOS/macOS.entitlements;
				CODE_SIGN_STYLE = Automatic;
				COMBINE_HIDPI_IMAGES = YES;
				CURRENT_PROJECT_VERSION = 1;
				DEVELOPMENT_TEAM = 4R6S38RB8Z;
				ENABLE_HARDENED_RUNTIME = YES;
				ENABLE_PREVIEWS = YES;
				GENERATE_INFOPLIST_FILE = YES;
				INFOPLIST_KEY_NSHumanReadableCopyright = "";
				LD_RUNPATH_SEARCH_PATHS = (
					"$(inherited)",
					"@executable_path/../Frameworks",
				);
				MACOSX_DEPLOYMENT_TARGET = 11.5;
				MARKETING_VERSION = 1.0;
				PRODUCT_BUNDLE_IDENTIFIER = "ca.sofiaandrade.AP-Create-Task";
				PRODUCT_NAME = "AP Create Task";
				SDKROOT = macosx;
				SWIFT_EMIT_LOC_STRINGS = YES;
				SWIFT_VERSION = 5.0;
			};
			name = Release;
		};
/* End XCBuildConfiguration section */

/* Begin XCConfigurationList section */
		56864E5327EE134700DB2A23 /* Build configuration list for PBXProject "AP Create Task" */ = {
			isa = XCConfigurationList;
			buildConfigurations = (
				56864E6B27EE134A00DB2A23 /* Debug */,
				56864E6C27EE134A00DB2A23 /* Release */,
			);
			defaultConfigurationIsVisible = 0;
			defaultConfigurationName = Release;
		};
		56864E6D27EE134A00DB2A23 /* Build configuration list for PBXNativeTarget "AP Create Task (iOS)" */ = {
			isa = XCConfigurationList;
			buildConfigurations = (
				56864E6E27EE134A00DB2A23 /* Debug */,
				56864E6F27EE134A00DB2A23 /* Release */,
			);
			defaultConfigurationIsVisible = 0;
			defaultConfigurationName = Release;
		};
		56864E7027EE134A00DB2A23 /* Build configuration list for PBXNativeTarget "AP Create Task (macOS)" */ = {
			isa = XCConfigurationList;
			buildConfigurations = (
				56864E7127EE134A00DB2A23 /* Debug */,
				56864E7227EE134A00DB2A23 /* Release */,
			);
			defaultConfigurationIsVisible = 0;
			defaultConfigurationName = Release;
		};
/* End XCConfigurationList section */
	};
	rootObject = 56864E5027EE134700DB2A23 /* Project object */;
}
